// !$*UTF8*$!
{
	archiveVersion = 1;
	classes = {
	};
	objectVersion = 50;
	objects = {

/* Begin PBXBuildFile section */
		DF063AC2214BB4C600B67F02 /* CashCell.m in Sources */ = {isa = PBXBuildFile; fileRef = DF063AC1214BB4C600B67F02 /* CashCell.m */; };
		DF063AC5214BB4E000B67F02 /* GiftCell.m in Sources */ = {isa = PBXBuildFile; fileRef = DF063AC4214BB4E000B67F02 /* GiftCell.m */; };
		DF15F0DA2144190400CA49C4 /* BaseViewController.m in Sources */ = {isa = PBXBuildFile; fileRef = DF15F0D92144190400CA49C4 /* BaseViewController.m */; };
		DF27112321490D3F0008611A /* BaseNavController.m in Sources */ = {isa = PBXBuildFile; fileRef = DF27112221490D3F0008611A /* BaseNavController.m */; };
		DF271126214917450008611A /* SettingViewController.m in Sources */ = {isa = PBXBuildFile; fileRef = DF271125214917450008611A /* SettingViewController.m */; };
		DF58EFE5214763A900D238CB /* HomePageViewController.m in Sources */ = {isa = PBXBuildFile; fileRef = DF58EFE4214763A900D238CB /* HomePageViewController.m */; };
		DF58EFEC2147AC2000D238CB /* Mine.storyboard in Resources */ = {isa = PBXBuildFile; fileRef = DF58EFEB2147AC2000D238CB /* Mine.storyboard */; };
		DF58EFEF2147AC6900D238CB /* MineViewController.m in Sources */ = {isa = PBXBuildFile; fileRef = DF58EFEE2147AC6900D238CB /* MineViewController.m */; };
		DF58EFF32147C66800D238CB /* MineTableViewCell.m in Sources */ = {isa = PBXBuildFile; fileRef = DF58EFF22147C66800D238CB /* MineTableViewCell.m */; };
		DF7530AE214A51C800B7FA6C /* BaseInfoViewController.m in Sources */ = {isa = PBXBuildFile; fileRef = DF7530AD214A51C800B7FA6C /* BaseInfoViewController.m */; };
		DF7530B4214A57E000B7FA6C /* Wallet.storyboard in Resources */ = {isa = PBXBuildFile; fileRef = DF7530B3214A57E000B7FA6C /* Wallet.storyboard */; };
		DF7530B7214A596200B7FA6C /* WalletViewController.m in Sources */ = {isa = PBXBuildFile; fileRef = DF7530B6214A596200B7FA6C /* WalletViewController.m */; };
		DFAC445A214262280021B7E0 /* AppDelegate.m in Sources */ = {isa = PBXBuildFile; fileRef = DFAC4459214262280021B7E0 /* AppDelegate.m */; };
		DFAC4460214262280021B7E0 /* Main.storyboard in Resources */ = {isa = PBXBuildFile; fileRef = DFAC445E214262280021B7E0 /* Main.storyboard */; };
		DFAC4462214262300021B7E0 /* Assets.xcassets in Resources */ = {isa = PBXBuildFile; fileRef = DFAC4461214262300021B7E0 /* Assets.xcassets */; };
		DFAC4465214262300021B7E0 /* LaunchScreen.storyboard in Resources */ = {isa = PBXBuildFile; fileRef = DFAC4463214262300021B7E0 /* LaunchScreen.storyboard */; };
		DFAC4468214262300021B7E0 /* main.m in Sources */ = {isa = PBXBuildFile; fileRef = DFAC4467214262300021B7E0 /* main.m */; };
		DFAC4472214262300021B7E0 /* InviteMasterTests.m in Sources */ = {isa = PBXBuildFile; fileRef = DFAC4471214262300021B7E0 /* InviteMasterTests.m */; };
		DFAC447D214262300021B7E0 /* InviteMasterUITests.m in Sources */ = {isa = PBXBuildFile; fileRef = DFAC447C214262300021B7E0 /* InviteMasterUITests.m */; };
		DFAC448D214263AA0021B7E0 /* LoginViewController.m in Sources */ = {isa = PBXBuildFile; fileRef = DFAC448C214263AA0021B7E0 /* LoginViewController.m */; };
		DFB5D6212145456F0013E8F5 /* NSString+WPAttributedMarkup.m in Sources */ = {isa = PBXBuildFile; fileRef = DFB5D6172145456F0013E8F5 /* NSString+WPAttributedMarkup.m */; };
		DFB5D6222145456F0013E8F5 /* NSMutableString+TagReplace.m in Sources */ = {isa = PBXBuildFile; fileRef = DFB5D6192145456F0013E8F5 /* NSMutableString+TagReplace.m */; };
		DFB5D6232145456F0013E8F5 /* WPHotspotLabel.m in Sources */ = {isa = PBXBuildFile; fileRef = DFB5D61E2145456F0013E8F5 /* WPHotspotLabel.m */; };
		DFB5D6242145456F0013E8F5 /* WPTappableLabel.m in Sources */ = {isa = PBXBuildFile; fileRef = DFB5D61F2145456F0013E8F5 /* WPTappableLabel.m */; };
		DFB5D6252145456F0013E8F5 /* WPAttributedStyleAction.m in Sources */ = {isa = PBXBuildFile; fileRef = DFB5D6202145456F0013E8F5 /* WPAttributedStyleAction.m */; };
		DFEF65842144E5C900B91D76 /* AreaViewController.m in Sources */ = {isa = PBXBuildFile; fileRef = DFEF65832144E5C900B91D76 /* AreaViewController.m */; };
		DFEF65872144E79A00B91D76 /* Home.storyboard in Resources */ = {isa = PBXBuildFile; fileRef = DFEF65862144E79A00B91D76 /* Home.storyboard */; };
		DFF64A9E214644E40088FB8C /* HomeViewController.m in Sources */ = {isa = PBXBuildFile; fileRef = DFF64A9C214644E40088FB8C /* HomeViewController.m */; };
		DFF64AA1214645B20088FB8C /* HomeCollectionViewCell.m in Sources */ = {isa = PBXBuildFile; fileRef = DFF64AA0214645B20088FB8C /* HomeCollectionViewCell.m */; };
/* End PBXBuildFile section */

/* Begin PBXContainerItemProxy section */
		DFAC446E214262300021B7E0 /* PBXContainerItemProxy */ = {
			isa = PBXContainerItemProxy;
			containerPortal = DFAC444D214262280021B7E0 /* Project object */;
			proxyType = 1;
			remoteGlobalIDString = DFAC4454214262280021B7E0;
			remoteInfo = InviteMaster;
		};
		DFAC4479214262300021B7E0 /* PBXContainerItemProxy */ = {
			isa = PBXContainerItemProxy;
			containerPortal = DFAC444D214262280021B7E0 /* Project object */;
			proxyType = 1;
			remoteGlobalIDString = DFAC4454214262280021B7E0;
			remoteInfo = InviteMaster;
		};
/* End PBXContainerItemProxy section */

/* Begin PBXFileReference section */
		DF063AC0214BB4C600B67F02 /* CashCell.h */ = {isa = PBXFileReference; lastKnownFileType = sourcecode.c.h; path = CashCell.h; sourceTree = "<group>"; };
		DF063AC1214BB4C600B67F02 /* CashCell.m */ = {isa = PBXFileReference; lastKnownFileType = sourcecode.c.objc; path = CashCell.m; sourceTree = "<group>"; };
		DF063AC3214BB4E000B67F02 /* GiftCell.h */ = {isa = PBXFileReference; lastKnownFileType = sourcecode.c.h; path = GiftCell.h; sourceTree = "<group>"; };
		DF063AC4214BB4E000B67F02 /* GiftCell.m */ = {isa = PBXFileReference; lastKnownFileType = sourcecode.c.objc; path = GiftCell.m; sourceTree = "<group>"; };
		DF15F0D82144190400CA49C4 /* BaseViewController.h */ = {isa = PBXFileReference; lastKnownFileType = sourcecode.c.h; path = BaseViewController.h; sourceTree = "<group>"; };
		DF15F0D92144190400CA49C4 /* BaseViewController.m */ = {isa = PBXFileReference; lastKnownFileType = sourcecode.c.objc; path = BaseViewController.m; sourceTree = "<group>"; };
		DF15F0DB2144193800CA49C4 /* PrefixHeader.pch */ = {isa = PBXFileReference; lastKnownFileType = sourcecode.c.h; path = PrefixHeader.pch; sourceTree = "<group>"; };
		DF27112121490D3F0008611A /* BaseNavController.h */ = {isa = PBXFileReference; lastKnownFileType = sourcecode.c.h; path = BaseNavController.h; sourceTree = "<group>"; };
		DF27112221490D3F0008611A /* BaseNavController.m */ = {isa = PBXFileReference; lastKnownFileType = sourcecode.c.objc; path = BaseNavController.m; sourceTree = "<group>"; };
		DF271124214917450008611A /* SettingViewController.h */ = {isa = PBXFileReference; lastKnownFileType = sourcecode.c.h; path = SettingViewController.h; sourceTree = "<group>"; };
		DF271125214917450008611A /* SettingViewController.m */ = {isa = PBXFileReference; lastKnownFileType = sourcecode.c.objc; path = SettingViewController.m; sourceTree = "<group>"; };
		DF58EFE3214763A900D238CB /* HomePageViewController.h */ = {isa = PBXFileReference; lastKnownFileType = sourcecode.c.h; path = HomePageViewController.h; sourceTree = "<group>"; };
		DF58EFE4214763A900D238CB /* HomePageViewController.m */ = {isa = PBXFileReference; lastKnownFileType = sourcecode.c.objc; path = HomePageViewController.m; sourceTree = "<group>"; };
		DF58EFEB2147AC2000D238CB /* Mine.storyboard */ = {isa = PBXFileReference; lastKnownFileType = file.storyboard; path = Mine.storyboard; sourceTree = "<group>"; };
		DF58EFED2147AC6900D238CB /* MineViewController.h */ = {isa = PBXFileReference; lastKnownFileType = sourcecode.c.h; path = MineViewController.h; sourceTree = "<group>"; };
		DF58EFEE2147AC6900D238CB /* MineViewController.m */ = {isa = PBXFileReference; lastKnownFileType = sourcecode.c.objc; path = MineViewController.m; sourceTree = "<group>"; };
		DF58EFF12147C66800D238CB /* MineTableViewCell.h */ = {isa = PBXFileReference; lastKnownFileType = sourcecode.c.h; path = MineTableViewCell.h; sourceTree = "<group>"; };
		DF58EFF22147C66800D238CB /* MineTableViewCell.m */ = {isa = PBXFileReference; lastKnownFileType = sourcecode.c.objc; path = MineTableViewCell.m; sourceTree = "<group>"; };
		DF7530AC214A51C800B7FA6C /* BaseInfoViewController.h */ = {isa = PBXFileReference; lastKnownFileType = sourcecode.c.h; path = BaseInfoViewController.h; sourceTree = "<group>"; };
		DF7530AD214A51C800B7FA6C /* BaseInfoViewController.m */ = {isa = PBXFileReference; lastKnownFileType = sourcecode.c.objc; path = BaseInfoViewController.m; sourceTree = "<group>"; };
		DF7530B3214A57E000B7FA6C /* Wallet.storyboard */ = {isa = PBXFileReference; lastKnownFileType = file.storyboard; path = Wallet.storyboard; sourceTree = "<group>"; };
		DF7530B5214A596200B7FA6C /* WalletViewController.h */ = {isa = PBXFileReference; lastKnownFileType = sourcecode.c.h; path = WalletViewController.h; sourceTree = "<group>"; };
		DF7530B6214A596200B7FA6C /* WalletViewController.m */ = {isa = PBXFileReference; lastKnownFileType = sourcecode.c.objc; path = WalletViewController.m; sourceTree = "<group>"; };
		DFAC4455214262280021B7E0 /* InviteMaster.app */ = {isa = PBXFileReference; explicitFileType = wrapper.application; includeInIndex = 0; path = InviteMaster.app; sourceTree = BUILT_PRODUCTS_DIR; };
		DFAC4458214262280021B7E0 /* AppDelegate.h */ = {isa = PBXFileReference; lastKnownFileType = sourcecode.c.h; path = AppDelegate.h; sourceTree = "<group>"; };
		DFAC4459214262280021B7E0 /* AppDelegate.m */ = {isa = PBXFileReference; lastKnownFileType = sourcecode.c.objc; path = AppDelegate.m; sourceTree = "<group>"; };
		DFAC445F214262280021B7E0 /* Base */ = {isa = PBXFileReference; lastKnownFileType = file.storyboard; name = Base; path = Base.lproj/Main.storyboard; sourceTree = "<group>"; };
		DFAC4461214262300021B7E0 /* Assets.xcassets */ = {isa = PBXFileReference; lastKnownFileType = folder.assetcatalog; path = Assets.xcassets; sourceTree = "<group>"; };
		DFAC4464214262300021B7E0 /* Base */ = {isa = PBXFileReference; lastKnownFileType = file.storyboard; name = Base; path = Base.lproj/LaunchScreen.storyboard; sourceTree = "<group>"; };
		DFAC4466214262300021B7E0 /* Info.plist */ = {isa = PBXFileReference; lastKnownFileType = text.plist.xml; path = Info.plist; sourceTree = "<group>"; };
		DFAC4467214262300021B7E0 /* main.m */ = {isa = PBXFileReference; lastKnownFileType = sourcecode.c.objc; path = main.m; sourceTree = "<group>"; };
		DFAC446D214262300021B7E0 /* InviteMasterTests.xctest */ = {isa = PBXFileReference; explicitFileType = wrapper.cfbundle; includeInIndex = 0; path = InviteMasterTests.xctest; sourceTree = BUILT_PRODUCTS_DIR; };
		DFAC4471214262300021B7E0 /* InviteMasterTests.m */ = {isa = PBXFileReference; lastKnownFileType = sourcecode.c.objc; path = InviteMasterTests.m; sourceTree = "<group>"; };
		DFAC4473214262300021B7E0 /* Info.plist */ = {isa = PBXFileReference; lastKnownFileType = text.plist.xml; path = Info.plist; sourceTree = "<group>"; };
		DFAC4478214262300021B7E0 /* InviteMasterUITests.xctest */ = {isa = PBXFileReference; explicitFileType = wrapper.cfbundle; includeInIndex = 0; path = InviteMasterUITests.xctest; sourceTree = BUILT_PRODUCTS_DIR; };
		DFAC447C214262300021B7E0 /* InviteMasterUITests.m */ = {isa = PBXFileReference; lastKnownFileType = sourcecode.c.objc; path = InviteMasterUITests.m; sourceTree = "<group>"; };
		DFAC447E214262300021B7E0 /* Info.plist */ = {isa = PBXFileReference; lastKnownFileType = text.plist.xml; path = Info.plist; sourceTree = "<group>"; };
		DFAC448B214263AA0021B7E0 /* LoginViewController.h */ = {isa = PBXFileReference; lastKnownFileType = sourcecode.c.h; path = LoginViewController.h; sourceTree = "<group>"; };
		DFAC448C214263AA0021B7E0 /* LoginViewController.m */ = {isa = PBXFileReference; lastKnownFileType = sourcecode.c.objc; path = LoginViewController.m; sourceTree = "<group>"; };
		DFB5D6162145456F0013E8F5 /* NSMutableString+TagReplace.h */ = {isa = PBXFileReference; fileEncoding = 4; lastKnownFileType = sourcecode.c.h; path = "NSMutableString+TagReplace.h"; sourceTree = "<group>"; };
		DFB5D6172145456F0013E8F5 /* NSString+WPAttributedMarkup.m */ = {isa = PBXFileReference; fileEncoding = 4; lastKnownFileType = sourcecode.c.objc; path = "NSString+WPAttributedMarkup.m"; sourceTree = "<group>"; };
		DFB5D6182145456F0013E8F5 /* NSString+WPAttributedMarkup.h */ = {isa = PBXFileReference; fileEncoding = 4; lastKnownFileType = sourcecode.c.h; path = "NSString+WPAttributedMarkup.h"; sourceTree = "<group>"; };
		DFB5D6192145456F0013E8F5 /* NSMutableString+TagReplace.m */ = {isa = PBXFileReference; fileEncoding = 4; lastKnownFileType = sourcecode.c.objc; path = "NSMutableString+TagReplace.m"; sourceTree = "<group>"; };
		DFB5D61B2145456F0013E8F5 /* WPTappableLabel.h */ = {isa = PBXFileReference; fileEncoding = 4; lastKnownFileType = sourcecode.c.h; path = WPTappableLabel.h; sourceTree = "<group>"; };
		DFB5D61C2145456F0013E8F5 /* WPHotspotLabel.h */ = {isa = PBXFileReference; fileEncoding = 4; lastKnownFileType = sourcecode.c.h; path = WPHotspotLabel.h; sourceTree = "<group>"; };
		DFB5D61D2145456F0013E8F5 /* WPAttributedStyleAction.h */ = {isa = PBXFileReference; fileEncoding = 4; lastKnownFileType = sourcecode.c.h; path = WPAttributedStyleAction.h; sourceTree = "<group>"; };
		DFB5D61E2145456F0013E8F5 /* WPHotspotLabel.m */ = {isa = PBXFileReference; fileEncoding = 4; lastKnownFileType = sourcecode.c.objc; path = WPHotspotLabel.m; sourceTree = "<group>"; };
		DFB5D61F2145456F0013E8F5 /* WPTappableLabel.m */ = {isa = PBXFileReference; fileEncoding = 4; lastKnownFileType = sourcecode.c.objc; path = WPTappableLabel.m; sourceTree = "<group>"; };
		DFB5D6202145456F0013E8F5 /* WPAttributedStyleAction.m */ = {isa = PBXFileReference; fileEncoding = 4; lastKnownFileType = sourcecode.c.objc; path = WPAttributedStyleAction.m; sourceTree = "<group>"; };
		DFEF65822144E5C900B91D76 /* AreaViewController.h */ = {isa = PBXFileReference; lastKnownFileType = sourcecode.c.h; path = AreaViewController.h; sourceTree = "<group>"; };
		DFEF65832144E5C900B91D76 /* AreaViewController.m */ = {isa = PBXFileReference; lastKnownFileType = sourcecode.c.objc; path = AreaViewController.m; sourceTree = "<group>"; };
		DFEF65862144E79A00B91D76 /* Home.storyboard */ = {isa = PBXFileReference; lastKnownFileType = file.storyboard; path = Home.storyboard; sourceTree = "<group>"; };
		DFF64A9B214644E40088FB8C /* HomeViewController.h */ = {isa = PBXFileReference; fileEncoding = 4; lastKnownFileType = sourcecode.c.h; path = HomeViewController.h; sourceTree = "<group>"; };
		DFF64A9C214644E40088FB8C /* HomeViewController.m */ = {isa = PBXFileReference; fileEncoding = 4; lastKnownFileType = sourcecode.c.objc; path = HomeViewController.m; sourceTree = "<group>"; };
		DFF64A9F214645B20088FB8C /* HomeCollectionViewCell.h */ = {isa = PBXFileReference; lastKnownFileType = sourcecode.c.h; path = HomeCollectionViewCell.h; sourceTree = "<group>"; };
		DFF64AA0214645B20088FB8C /* HomeCollectionViewCell.m */ = {isa = PBXFileReference; lastKnownFileType = sourcecode.c.objc; path = HomeCollectionViewCell.m; sourceTree = "<group>"; };
/* End PBXFileReference section */

/* Begin PBXFrameworksBuildPhase section */
		DFAC4452214262280021B7E0 /* Frameworks */ = {
			isa = PBXFrameworksBuildPhase;
			buildActionMask = 2147483647;
			files = (
			);
			runOnlyForDeploymentPostprocessing = 0;
		};
		DFAC446A214262300021B7E0 /* Frameworks */ = {
			isa = PBXFrameworksBuildPhase;
			buildActionMask = 2147483647;
			files = (
			);
			runOnlyForDeploymentPostprocessing = 0;
		};
		DFAC4475214262300021B7E0 /* Frameworks */ = {
			isa = PBXFrameworksBuildPhase;
			buildActionMask = 2147483647;
			files = (
			);
			runOnlyForDeploymentPostprocessing = 0;
		};
/* End PBXFrameworksBuildPhase section */

/* Begin PBXGroup section */
		DF15F0D7214418E500CA49C4 /* BaseClass */ = {
			isa = PBXGroup;
			children = (
				DF15F0DB2144193800CA49C4 /* PrefixHeader.pch */,
				DF15F0D82144190400CA49C4 /* BaseViewController.h */,
				DF15F0D92144190400CA49C4 /* BaseViewController.m */,
				DF27112121490D3F0008611A /* BaseNavController.h */,
				DF27112221490D3F0008611A /* BaseNavController.m */,
			);
			path = BaseClass;
			sourceTree = "<group>";
		};
		DF58EFE72147ABDB00D238CB /* Mine */ = {
			isa = PBXGroup;
			children = (
				DF58EFEB2147AC2000D238CB /* Mine.storyboard */,
				DF58EFE82147ABDB00D238CB /* Controllers */,
				DF58EFE92147ABDB00D238CB /* Modes */,
				DF58EFEA2147ABDB00D238CB /* Views */,
			);
			path = Mine;
			sourceTree = "<group>";
		};
		DF58EFE82147ABDB00D238CB /* Controllers */ = {
			isa = PBXGroup;
			children = (
				DF58EFED2147AC6900D238CB /* MineViewController.h */,
				DF58EFEE2147AC6900D238CB /* MineViewController.m */,
				DF271124214917450008611A /* SettingViewController.h */,
				DF271125214917450008611A /* SettingViewController.m */,
				DF7530AC214A51C800B7FA6C /* BaseInfoViewController.h */,
				DF7530AD214A51C800B7FA6C /* BaseInfoViewController.m */,
			);
			path = Controllers;
			sourceTree = "<group>";
		};
		DF58EFE92147ABDB00D238CB /* Modes */ = {
			isa = PBXGroup;
			children = (
			);
			path = Modes;
			sourceTree = "<group>";
		};
		DF58EFEA2147ABDB00D238CB /* Views */ = {
			isa = PBXGroup;
			children = (
				DF58EFF12147C66800D238CB /* MineTableViewCell.h */,
				DF58EFF22147C66800D238CB /* MineTableViewCell.m */,
			);
			path = Views;
			sourceTree = "<group>";
		};
		DF7530AF214A57CD00B7FA6C /* Wallet */ = {
			isa = PBXGroup;
			children = (
				DF7530B3214A57E000B7FA6C /* Wallet.storyboard */,
				DF7530B0214A57CD00B7FA6C /* Controllers */,
				DF7530B1214A57CD00B7FA6C /* Modes */,
				DF7530B2214A57CD00B7FA6C /* Views */,
			);
			path = Wallet;
			sourceTree = "<group>";
		};
		DF7530B0214A57CD00B7FA6C /* Controllers */ = {
			isa = PBXGroup;
			children = (
				DF7530B5214A596200B7FA6C /* WalletViewController.h */,
				DF7530B6214A596200B7FA6C /* WalletViewController.m */,
			);
			path = Controllers;
			sourceTree = "<group>";
		};
		DF7530B1214A57CD00B7FA6C /* Modes */ = {
			isa = PBXGroup;
			children = (
			);
			path = Modes;
			sourceTree = "<group>";
		};
		DF7530B2214A57CD00B7FA6C /* Views */ = {
			isa = PBXGroup;
			children = (
				DF063AC0214BB4C600B67F02 /* CashCell.h */,
				DF063AC1214BB4C600B67F02 /* CashCell.m */,
				DF063AC3214BB4E000B67F02 /* GiftCell.h */,
				DF063AC4214BB4E000B67F02 /* GiftCell.m */,
			);
			path = Views;
			sourceTree = "<group>";
		};
		DFAC444C214262280021B7E0 = {
			isa = PBXGroup;
			children = (
				DFAC4457214262280021B7E0 /* InviteMaster */,
				DFAC4470214262300021B7E0 /* InviteMasterTests */,
				DFAC447B214262300021B7E0 /* InviteMasterUITests */,
				DFAC4456214262280021B7E0 /* Products */,
			);
			sourceTree = "<group>";
		};
		DFAC4456214262280021B7E0 /* Products */ = {
			isa = PBXGroup;
			children = (
				DFAC4455214262280021B7E0 /* InviteMaster.app */,
				DFAC446D214262300021B7E0 /* InviteMasterTests.xctest */,
				DFAC4478214262300021B7E0 /* InviteMasterUITests.xctest */,
			);
			name = Products;
			sourceTree = "<group>";
		};
		DFAC4457214262280021B7E0 /* InviteMaster */ = {
			isa = PBXGroup;
			children = (
				DF7530AF214A57CD00B7FA6C /* Wallet */,
				DF58EFE72147ABDB00D238CB /* Mine */,
				DFEF65852144E78800B91D76 /* Home */,
				DFAC448A214263920021B7E0 /* Login */,
				DF15F0D7214418E500CA49C4 /* BaseClass */,
				DFB5D613214545500013E8F5 /* ThirdFiles */,
				DFAC4458214262280021B7E0 /* AppDelegate.h */,
				DFAC4459214262280021B7E0 /* AppDelegate.m */,
				DFAC445E214262280021B7E0 /* Main.storyboard */,
				DFAC4461214262300021B7E0 /* Assets.xcassets */,
				DFAC4463214262300021B7E0 /* LaunchScreen.storyboard */,
				DFAC4466214262300021B7E0 /* Info.plist */,
				DFAC4467214262300021B7E0 /* main.m */,
			);
			path = InviteMaster;
			sourceTree = "<group>";
		};
		DFAC4470214262300021B7E0 /* InviteMasterTests */ = {
			isa = PBXGroup;
			children = (
				DFAC4471214262300021B7E0 /* InviteMasterTests.m */,
				DFAC4473214262300021B7E0 /* Info.plist */,
			);
			path = InviteMasterTests;
			sourceTree = "<group>";
		};
		DFAC447B214262300021B7E0 /* InviteMasterUITests */ = {
			isa = PBXGroup;
			children = (
				DFAC447C214262300021B7E0 /* InviteMasterUITests.m */,
				DFAC447E214262300021B7E0 /* Info.plist */,
			);
			path = InviteMasterUITests;
			sourceTree = "<group>";
		};
		DFAC448A214263920021B7E0 /* Login */ = {
			isa = PBXGroup;
			children = (
				DFAC448B214263AA0021B7E0 /* LoginViewController.h */,
				DFAC448C214263AA0021B7E0 /* LoginViewController.m */,
				DFEF65822144E5C900B91D76 /* AreaViewController.h */,
				DFEF65832144E5C900B91D76 /* AreaViewController.m */,
			);
			path = Login;
			sourceTree = "<group>";
		};
		DFB5D613214545500013E8F5 /* ThirdFiles */ = {
			isa = PBXGroup;
			children = (
				DFB5D6142145456F0013E8F5 /* AttributedLabel */,
			);
			path = ThirdFiles;
			sourceTree = "<group>";
		};
		DFB5D6142145456F0013E8F5 /* AttributedLabel */ = {
			isa = PBXGroup;
			children = (
				DFB5D6152145456F0013E8F5 /* WPAttributedMarkup */,
				DFB5D61A2145456F0013E8F5 /* Extras */,
			);
			path = AttributedLabel;
			sourceTree = "<group>";
		};
		DFB5D6152145456F0013E8F5 /* WPAttributedMarkup */ = {
			isa = PBXGroup;
			children = (
				DFB5D6162145456F0013E8F5 /* NSMutableString+TagReplace.h */,
				DFB5D6172145456F0013E8F5 /* NSString+WPAttributedMarkup.m */,
				DFB5D6182145456F0013E8F5 /* NSString+WPAttributedMarkup.h */,
				DFB5D6192145456F0013E8F5 /* NSMutableString+TagReplace.m */,
			);
			path = WPAttributedMarkup;
			sourceTree = "<group>";
		};
		DFB5D61A2145456F0013E8F5 /* Extras */ = {
			isa = PBXGroup;
			children = (
				DFB5D61B2145456F0013E8F5 /* WPTappableLabel.h */,
				DFB5D61C2145456F0013E8F5 /* WPHotspotLabel.h */,
				DFB5D61D2145456F0013E8F5 /* WPAttributedStyleAction.h */,
				DFB5D61E2145456F0013E8F5 /* WPHotspotLabel.m */,
				DFB5D61F2145456F0013E8F5 /* WPTappableLabel.m */,
				DFB5D6202145456F0013E8F5 /* WPAttributedStyleAction.m */,
			);
			path = Extras;
			sourceTree = "<group>";
		};
		DFEF65852144E78800B91D76 /* Home */ = {
			isa = PBXGroup;
			children = (
				DFEF65862144E79A00B91D76 /* Home.storyboard */,
				DFF64A9A214644E40088FB8C /* Controllers */,
				DFF64A99214644E40088FB8C /* Modes */,
				DFF64A9D214644E40088FB8C /* Views */,
			);
			path = Home;
			sourceTree = "<group>";
		};
		DFF64A99214644E40088FB8C /* Modes */ = {
			isa = PBXGroup;
			children = (
			);
			path = Modes;
			sourceTree = "<group>";
		};
		DFF64A9A214644E40088FB8C /* Controllers */ = {
			isa = PBXGroup;
			children = (
				DFF64A9B214644E40088FB8C /* HomeViewController.h */,
				DFF64A9C214644E40088FB8C /* HomeViewController.m */,
				DF58EFE3214763A900D238CB /* HomePageViewController.h */,
				DF58EFE4214763A900D238CB /* HomePageViewController.m */,
			);
			path = Controllers;
			sourceTree = "<group>";
		};
		DFF64A9D214644E40088FB8C /* Views */ = {
			isa = PBXGroup;
			children = (
				DFF64A9F214645B20088FB8C /* HomeCollectionViewCell.h */,
				DFF64AA0214645B20088FB8C /* HomeCollectionViewCell.m */,
			);
			path = Views;
			sourceTree = "<group>";
		};
/* End PBXGroup section */

/* Begin PBXNativeTarget section */
		DFAC4454214262280021B7E0 /* InviteMaster */ = {
			isa = PBXNativeTarget;
			buildConfigurationList = DFAC4481214262300021B7E0 /* Build configuration list for PBXNativeTarget "InviteMaster" */;
			buildPhases = (
				DFAC4451214262280021B7E0 /* Sources */,
				DFAC4452214262280021B7E0 /* Frameworks */,
				DFAC4453214262280021B7E0 /* Resources */,
			);
			buildRules = (
			);
			dependencies = (
			);
			name = InviteMaster;
			productName = InviteMaster;
			productReference = DFAC4455214262280021B7E0 /* InviteMaster.app */;
			productType = "com.apple.product-type.application";
		};
		DFAC446C214262300021B7E0 /* InviteMasterTests */ = {
			isa = PBXNativeTarget;
			buildConfigurationList = DFAC4484214262300021B7E0 /* Build configuration list for PBXNativeTarget "InviteMasterTests" */;
			buildPhases = (
				DFAC4469214262300021B7E0 /* Sources */,
				DFAC446A214262300021B7E0 /* Frameworks */,
				DFAC446B214262300021B7E0 /* Resources */,
			);
			buildRules = (
			);
			dependencies = (
				DFAC446F214262300021B7E0 /* PBXTargetDependency */,
			);
			name = InviteMasterTests;
			productName = InviteMasterTests;
			productReference = DFAC446D214262300021B7E0 /* InviteMasterTests.xctest */;
			productType = "com.apple.product-type.bundle.unit-test";
		};
		DFAC4477214262300021B7E0 /* InviteMasterUITests */ = {
			isa = PBXNativeTarget;
			buildConfigurationList = DFAC4487214262300021B7E0 /* Build configuration list for PBXNativeTarget "InviteMasterUITests" */;
			buildPhases = (
				DFAC4474214262300021B7E0 /* Sources */,
				DFAC4475214262300021B7E0 /* Frameworks */,
				DFAC4476214262300021B7E0 /* Resources */,
			);
			buildRules = (
			);
			dependencies = (
				DFAC447A214262300021B7E0 /* PBXTargetDependency */,
			);
			name = InviteMasterUITests;
			productName = InviteMasterUITests;
			productReference = DFAC4478214262300021B7E0 /* InviteMasterUITests.xctest */;
			productType = "com.apple.product-type.bundle.ui-testing";
		};
/* End PBXNativeTarget section */

/* Begin PBXProject section */
		DFAC444D214262280021B7E0 /* Project object */ = {
			isa = PBXProject;
			attributes = {
				LastUpgradeCheck = 0940;
				ORGANIZATIONNAME = "Leven Wei";
				TargetAttributes = {
					DFAC4454214262280021B7E0 = {
						CreatedOnToolsVersion = 9.4.1;
					};
					DFAC446C214262300021B7E0 = {
						CreatedOnToolsVersion = 9.4.1;
						TestTargetID = DFAC4454214262280021B7E0;
					};
					DFAC4477214262300021B7E0 = {
						CreatedOnToolsVersion = 9.4.1;
						TestTargetID = DFAC4454214262280021B7E0;
					};
				};
			};
			buildConfigurationList = DFAC4450214262280021B7E0 /* Build configuration list for PBXProject "InviteMaster" */;
			compatibilityVersion = "Xcode 9.3";
			developmentRegion = en;
			hasScannedForEncodings = 0;
			knownRegions = (
				en,
				Base,
			);
			mainGroup = DFAC444C214262280021B7E0;
			productRefGroup = DFAC4456214262280021B7E0 /* Products */;
			projectDirPath = "";
			projectRoot = "";
			targets = (
				DFAC4454214262280021B7E0 /* InviteMaster */,
				DFAC446C214262300021B7E0 /* InviteMasterTests */,
				DFAC4477214262300021B7E0 /* InviteMasterUITests */,
			);
		};
/* End PBXProject section */

/* Begin PBXResourcesBuildPhase section */
		DFAC4453214262280021B7E0 /* Resources */ = {
			isa = PBXResourcesBuildPhase;
			buildActionMask = 2147483647;
			files = (
				DFAC4465214262300021B7E0 /* LaunchScreen.storyboard in Resources */,
				DFAC4462214262300021B7E0 /* Assets.xcassets in Resources */,
				DF58EFEC2147AC2000D238CB /* Mine.storyboard in Resources */,
				DFAC4460214262280021B7E0 /* Main.storyboard in Resources */,
				DFEF65872144E79A00B91D76 /* Home.storyboard in Resources */,
				DF7530B4214A57E000B7FA6C /* Wallet.storyboard in Resources */,
			);
			runOnlyForDeploymentPostprocessing = 0;
		};
		DFAC446B214262300021B7E0 /* Resources */ = {
			isa = PBXResourcesBuildPhase;
			buildActionMask = 2147483647;
			files = (
			);
			runOnlyForDeploymentPostprocessing = 0;
		};
		DFAC4476214262300021B7E0 /* Resources */ = {
			isa = PBXResourcesBuildPhase;
			buildActionMask = 2147483647;
			files = (
			);
			runOnlyForDeploymentPostprocessing = 0;
		};
/* End PBXResourcesBuildPhase section */

/* Begin PBXSourcesBuildPhase section */
		DFAC4451214262280021B7E0 /* Sources */ = {
			isa = PBXSourcesBuildPhase;
			buildActionMask = 2147483647;
			files = (
				DF15F0DA2144190400CA49C4 /* BaseViewController.m in Sources */,
				DF58EFEF2147AC6900D238CB /* MineViewController.m in Sources */,
				DF271126214917450008611A /* SettingViewController.m in Sources */,
				DF7530AE214A51C800B7FA6C /* BaseInfoViewController.m in Sources */,
				DF27112321490D3F0008611A /* BaseNavController.m in Sources */,
				DFAC448D214263AA0021B7E0 /* LoginViewController.m in Sources */,
				DFB5D6232145456F0013E8F5 /* WPHotspotLabel.m in Sources */,
				DFAC4468214262300021B7E0 /* main.m in Sources */,
				DFB5D6212145456F0013E8F5 /* NSString+WPAttributedMarkup.m in Sources */,
				DFB5D6252145456F0013E8F5 /* WPAttributedStyleAction.m in Sources */,
				DF58EFF32147C66800D238CB /* MineTableViewCell.m in Sources */,
				DF58EFE5214763A900D238CB /* HomePageViewController.m in Sources */,
				DF063AC2214BB4C600B67F02 /* CashCell.m in Sources */,
				DF7530B7214A596200B7FA6C /* WalletViewController.m in Sources */,
				DFF64A9E214644E40088FB8C /* HomeViewController.m in Sources */,
				DFB5D6222145456F0013E8F5 /* NSMutableString+TagReplace.m in Sources */,
				DFB5D6242145456F0013E8F5 /* WPTappableLabel.m in Sources */,
				DFEF65842144E5C900B91D76 /* AreaViewController.m in Sources */,
				DFAC445A214262280021B7E0 /* AppDelegate.m in Sources */,
				DFF64AA1214645B20088FB8C /* HomeCollectionViewCell.m in Sources */,
				DF063AC5214BB4E000B67F02 /* GiftCell.m in Sources */,
			);
			runOnlyForDeploymentPostprocessing = 0;
		};
		DFAC4469214262300021B7E0 /* Sources */ = {
			isa = PBXSourcesBuildPhase;
			buildActionMask = 2147483647;
			files = (
				DFAC4472214262300021B7E0 /* InviteMasterTests.m in Sources */,
			);
			runOnlyForDeploymentPostprocessing = 0;
		};
		DFAC4474214262300021B7E0 /* Sources */ = {
			isa = PBXSourcesBuildPhase;
			buildActionMask = 2147483647;
			files = (
				DFAC447D214262300021B7E0 /* InviteMasterUITests.m in Sources */,
			);
			runOnlyForDeploymentPostprocessing = 0;
		};
/* End PBXSourcesBuildPhase section */

/* Begin PBXTargetDependency section */
		DFAC446F214262300021B7E0 /* PBXTargetDependency */ = {
			isa = PBXTargetDependency;
			target = DFAC4454214262280021B7E0 /* InviteMaster */;
			targetProxy = DFAC446E214262300021B7E0 /* PBXContainerItemProxy */;
		};
		DFAC447A214262300021B7E0 /* PBXTargetDependency */ = {
			isa = PBXTargetDependency;
			target = DFAC4454214262280021B7E0 /* InviteMaster */;
			targetProxy = DFAC4479214262300021B7E0 /* PBXContainerItemProxy */;
		};
/* End PBXTargetDependency section */

/* Begin PBXVariantGroup section */
		DFAC445E214262280021B7E0 /* Main.storyboard */ = {
			isa = PBXVariantGroup;
			children = (
				DFAC445F214262280021B7E0 /* Base */,
			);
			name = Main.storyboard;
			sourceTree = "<group>";
		};
		DFAC4463214262300021B7E0 /* LaunchScreen.storyboard */ = {
			isa = PBXVariantGroup;
			children = (
				DFAC4464214262300021B7E0 /* Base */,
			);
			name = LaunchScreen.storyboard;
			sourceTree = "<group>";
		};
/* End PBXVariantGroup section */

/* Begin XCBuildConfiguration section */
		DFAC447F214262300021B7E0 /* Debug */ = {
			isa = XCBuildConfiguration;
			buildSettings = {
				ALWAYS_SEARCH_USER_PATHS = NO;
				CLANG_ANALYZER_NONNULL = YES;
				CLANG_ANALYZER_NUMBER_OBJECT_CONVERSION = YES_AGGRESSIVE;
				CLANG_CXX_LANGUAGE_STANDARD = "gnu++14";
				CLANG_CXX_LIBRARY = "libc++";
				CLANG_ENABLE_MODULES = YES;
				CLANG_ENABLE_OBJC_ARC = YES;
				CLANG_ENABLE_OBJC_WEAK = YES;
				CLANG_WARN_BLOCK_CAPTURE_AUTORELEASING = YES;
				CLANG_WARN_BOOL_CONVERSION = YES;
				CLANG_WARN_COMMA = YES;
				CLANG_WARN_CONSTANT_CONVERSION = YES;
				CLANG_WARN_DEPRECATED_OBJC_IMPLEMENTATIONS = YES;
				CLANG_WARN_DIRECT_OBJC_ISA_USAGE = YES_ERROR;
				CLANG_WARN_DOCUMENTATION_COMMENTS = YES;
				CLANG_WARN_EMPTY_BODY = YES;
				CLANG_WARN_ENUM_CONVERSION = YES;
				CLANG_WARN_INFINITE_RECURSION = YES;
				CLANG_WARN_INT_CONVERSION = YES;
				CLANG_WARN_NON_LITERAL_NULL_CONVERSION = YES;
				CLANG_WARN_OBJC_IMPLICIT_RETAIN_SELF = YES;
				CLANG_WARN_OBJC_LITERAL_CONVERSION = YES;
				CLANG_WARN_OBJC_ROOT_CLASS = YES_ERROR;
				CLANG_WARN_RANGE_LOOP_ANALYSIS = YES;
				CLANG_WARN_STRICT_PROTOTYPES = YES;
				CLANG_WARN_SUSPICIOUS_MOVE = YES;
				CLANG_WARN_UNGUARDED_AVAILABILITY = YES_AGGRESSIVE;
				CLANG_WARN_UNREACHABLE_CODE = YES;
				CLANG_WARN__DUPLICATE_METHOD_MATCH = YES;
				CODE_SIGN_IDENTITY = "iPhone Developer";
				COPY_PHASE_STRIP = NO;
				DEBUG_INFORMATION_FORMAT = dwarf;
				ENABLE_STRICT_OBJC_MSGSEND = YES;
				ENABLE_TESTABILITY = YES;
				GCC_C_LANGUAGE_STANDARD = gnu11;
				GCC_DYNAMIC_NO_PIC = NO;
				GCC_NO_COMMON_BLOCKS = YES;
				GCC_OPTIMIZATION_LEVEL = 0;
				GCC_PREPROCESSOR_DEFINITIONS = (
					"DEBUG=1",
					"$(inherited)",
				);
				GCC_WARN_64_TO_32_BIT_CONVERSION = YES;
				GCC_WARN_ABOUT_RETURN_TYPE = YES_ERROR;
				GCC_WARN_UNDECLARED_SELECTOR = YES;
				GCC_WARN_UNINITIALIZED_AUTOS = YES_AGGRESSIVE;
				GCC_WARN_UNUSED_FUNCTION = YES;
				GCC_WARN_UNUSED_VARIABLE = YES;
				IPHONEOS_DEPLOYMENT_TARGET = 11.4;
				MTL_ENABLE_DEBUG_INFO = YES;
				ONLY_ACTIVE_ARCH = YES;
				SDKROOT = iphoneos;
			};
			name = Debug;
		};
		DFAC4480214262300021B7E0 /* Release */ = {
			isa = XCBuildConfiguration;
			buildSettings = {
				ALWAYS_SEARCH_USER_PATHS = NO;
				CLANG_ANALYZER_NONNULL = YES;
				CLANG_ANALYZER_NUMBER_OBJECT_CONVERSION = YES_AGGRESSIVE;
				CLANG_CXX_LANGUAGE_STANDARD = "gnu++14";
				CLANG_CXX_LIBRARY = "libc++";
				CLANG_ENABLE_MODULES = YES;
				CLANG_ENABLE_OBJC_ARC = YES;
				CLANG_ENABLE_OBJC_WEAK = YES;
				CLANG_WARN_BLOCK_CAPTURE_AUTORELEASING = YES;
				CLANG_WARN_BOOL_CONVERSION = YES;
				CLANG_WARN_COMMA = YES;
				CLANG_WARN_CONSTANT_CONVERSION = YES;
				CLANG_WARN_DEPRECATED_OBJC_IMPLEMENTATIONS = YES;
				CLANG_WARN_DIRECT_OBJC_ISA_USAGE = YES_ERROR;
				CLANG_WARN_DOCUMENTATION_COMMENTS = YES;
				CLANG_WARN_EMPTY_BODY = YES;
				CLANG_WARN_ENUM_CONVERSION = YES;
				CLANG_WARN_INFINITE_RECURSION = YES;
				CLANG_WARN_INT_CONVERSION = YES;
				CLANG_WARN_NON_LITERAL_NULL_CONVERSION = YES;
				CLANG_WARN_OBJC_IMPLICIT_RETAIN_SELF = YES;
				CLANG_WARN_OBJC_LITERAL_CONVERSION = YES;
				CLANG_WARN_OBJC_ROOT_CLASS = YES_ERROR;
				CLANG_WARN_RANGE_LOOP_ANALYSIS = YES;
				CLANG_WARN_STRICT_PROTOTYPES = YES;
				CLANG_WARN_SUSPICIOUS_MOVE = YES;
				CLANG_WARN_UNGUARDED_AVAILABILITY = YES_AGGRESSIVE;
				CLANG_WARN_UNREACHABLE_CODE = YES;
				CLANG_WARN__DUPLICATE_METHOD_MATCH = YES;
				CODE_SIGN_IDENTITY = "iPhone Developer";
				COPY_PHASE_STRIP = NO;
				DEBUG_INFORMATION_FORMAT = "dwarf-with-dsym";
				ENABLE_NS_ASSERTIONS = NO;
				ENABLE_STRICT_OBJC_MSGSEND = YES;
				GCC_C_LANGUAGE_STANDARD = gnu11;
				GCC_NO_COMMON_BLOCKS = YES;
				GCC_WARN_64_TO_32_BIT_CONVERSION = YES;
				GCC_WARN_ABOUT_RETURN_TYPE = YES_ERROR;
				GCC_WARN_UNDECLARED_SELECTOR = YES;
				GCC_WARN_UNINITIALIZED_AUTOS = YES_AGGRESSIVE;
				GCC_WARN_UNUSED_FUNCTION = YES;
				GCC_WARN_UNUSED_VARIABLE = YES;
				IPHONEOS_DEPLOYMENT_TARGET = 11.4;
				MTL_ENABLE_DEBUG_INFO = NO;
				SDKROOT = iphoneos;
				VALIDATE_PRODUCT = YES;
			};
			name = Release;
		};
		DFAC4482214262300021B7E0 /* Debug */ = {
			isa = XCBuildConfiguration;
			buildSettings = {
				ASSETCATALOG_COMPILER_APPICON_NAME = AppIcon;
				CODE_SIGN_STYLE = Automatic;
				DEVELOPMENT_TEAM = 9TPT55BMW7;
				GCC_PREFIX_HEADER = InviteMaster/BaseClass/PrefixHeader.pch;
				INFOPLIST_FILE = InviteMaster/Info.plist;
				IPHONEOS_DEPLOYMENT_TARGET = 9.0;
				LD_RUNPATH_SEARCH_PATHS = (
					"$(inherited)",
					"@executable_path/Frameworks",
				);
				PRODUCT_BUNDLE_IDENTIFIER = xfkj.InviteMaster;
				PRODUCT_NAME = "$(TARGET_NAME)";
				TARGETED_DEVICE_FAMILY = "1,2";
			};
			name = Debug;
		};
		DFAC4483214262300021B7E0 /* Release */ = {
			isa = XCBuildConfiguration;
			buildSettings = {
				ASSETCATALOG_COMPILER_APPICON_NAME = AppIcon;
				CODE_SIGN_STYLE = Automatic;
				DEVELOPMENT_TEAM = 9TPT55BMW7;
				GCC_PREFIX_HEADER = InviteMaster/BaseClass/PrefixHeader.pch;
				INFOPLIST_FILE = InviteMaster/Info.plist;
				IPHONEOS_DEPLOYMENT_TARGET = 9.0;
				LD_RUNPATH_SEARCH_PATHS = (
					"$(inherited)",
					"@executable_path/Frameworks",
				);
				PRODUCT_BUNDLE_IDENTIFIER = xfkj.InviteMaster;
				PRODUCT_NAME = "$(TARGET_NAME)";
				TARGETED_DEVICE_FAMILY = "1,2";
			};
			name = Release;
		};
		DFAC4485214262300021B7E0 /* Debug */ = {
			isa = XCBuildConfiguration;
			buildSettings = {
				BUNDLE_LOADER = "$(TEST_HOST)";
				CODE_SIGN_STYLE = Automatic;
				INFOPLIST_FILE = InviteMasterTests/Info.plist;
				LD_RUNPATH_SEARCH_PATHS = (
					"$(inherited)",
					"@executable_path/Frameworks",
					"@loader_path/Frameworks",
				);
				PRODUCT_BUNDLE_IDENTIFIER = xfkj.InviteMasterTests;
				PRODUCT_NAME = "$(TARGET_NAME)";
				TARGETED_DEVICE_FAMILY = "1,2";
				TEST_HOST = "$(BUILT_PRODUCTS_DIR)/InviteMaster.app/InviteMaster";
			};
			name = Debug;
		};
		DFAC4486214262300021B7E0 /* Release */ = {
			isa = XCBuildConfiguration;
			buildSettings = {
				BUNDLE_LOADER = "$(TEST_HOST)";
				CODE_SIGN_STYLE = Automatic;
				INFOPLIST_FILE = InviteMasterTests/Info.plist;
				LD_RUNPATH_SEARCH_PATHS = (
					"$(inherited)",
					"@executable_path/Frameworks",
					"@loader_path/Frameworks",
				);
				PRODUCT_BUNDLE_IDENTIFIER = xfkj.InviteMasterTests;
				PRODUCT_NAME = "$(TARGET_NAME)";
				TARGETED_DEVICE_FAMILY = "1,2";
				TEST_HOST = "$(BUILT_PRODUCTS_DIR)/InviteMaster.app/InviteMaster";
			};
			name = Release;
		};
		DFAC4488214262300021B7E0 /* Debug */ = {
			isa = XCBuildConfiguration;
			buildSettings = {
				CODE_SIGN_STYLE = Automatic;
				INFOPLIST_FILE = InviteMasterUITests/Info.plist;
				LD_RUNPATH_SEARCH_PATHS = (
					"$(inherited)",
					"@executable_path/Frameworks",
					"@loader_path/Frameworks",
				);
				PRODUCT_BUNDLE_IDENTIFIER = xfkj.InviteMasterUITests;
				PRODUCT_NAME = "$(TARGET_NAME)";
				TARGETED_DEVICE_FAMILY = "1,2";
				TEST_TARGET_NAME = InviteMaster;
			};
			name = Debug;
		};
		DFAC4489214262300021B7E0 /* Release */ = {
			isa = XCBuildConfiguration;
			buildSettings = {
				CODE_SIGN_STYLE = Automatic;
				INFOPLIST_FILE = InviteMasterUITests/Info.plist;
				LD_RUNPATH_SEARCH_PATHS = (
					"$(inherited)",
					"@executable_path/Frameworks",
					"@loader_path/Frameworks",
				);
				PRODUCT_BUNDLE_IDENTIFIER = xfkj.InviteMasterUITests;
				PRODUCT_NAME = "$(TARGET_NAME)";
				TARGETED_DEVICE_FAMILY = "1,2";
				TEST_TARGET_NAME = InviteMaster;
			};
			name = Release;
		};
/* End XCBuildConfiguration section */

/* Begin XCConfigurationList section */
		DFAC4450214262280021B7E0 /* Build configuration list for PBXProject "InviteMaster" */ = {
			isa = XCConfigurationList;
			buildConfigurations = (
				DFAC447F214262300021B7E0 /* Debug */,
				DFAC4480214262300021B7E0 /* Release */,
			);
			defaultConfigurationIsVisible = 0;
			defaultConfigurationName = Release;
		};
		DFAC4481214262300021B7E0 /* Build configuration list for PBXNativeTarget "InviteMaster" */ = {
			isa = XCConfigurationList;
			buildConfigurations = (
				DFAC4482214262300021B7E0 /* Debug */,
				DFAC4483214262300021B7E0 /* Release */,
			);
			defaultConfigurationIsVisible = 0;
			defaultConfigurationName = Release;
		};
		DFAC4484214262300021B7E0 /* Build configuration list for PBXNativeTarget "InviteMasterTests" */ = {
			isa = XCConfigurationList;
			buildConfigurations = (
				DFAC4485214262300021B7E0 /* Debug */,
				DFAC4486214262300021B7E0 /* Release */,
			);
			defaultConfigurationIsVisible = 0;
			defaultConfigurationName = Release;
		};
		DFAC4487214262300021B7E0 /* Build configuration list for PBXNativeTarget "InviteMasterUITests" */ = {
			isa = XCConfigurationList;
			buildConfigurations = (
				DFAC4488214262300021B7E0 /* Debug */,
				DFAC4489214262300021B7E0 /* Release */,
			);
			defaultConfigurationIsVisible = 0;
			defaultConfigurationName = Release;
		};
/* End XCConfigurationList section */
	};
	rootObject = DFAC444D214262280021B7E0 /* Project object */;
}
